
Microsoft Visual Studio Solution File, Format Version 12.00
# Visual Studio Version 17
VisualStudioVersion = 17.8.34322.80
MinimumVisualStudioVersion = 10.0.40219.1
Project("{8BC9CEB8-8B4A-11D0-8D11-00A0C91BC942}") = "Макрос SUB", "Макрос SUB\Макрос SUB.vcxproj", "{7695877F-B9CE-472E-A33D-755C5D74BA8D}"
EndProject
Global
	GlobalSection(SolutionConfigurationPlatforms) = preSolution
		Debug|x64 = Debug|x64
		Debug|x86 = Debug|x86
		Release|x64 = Release|x64
		Release|x86 = Release|x86
	EndGlobalSection
	GlobalSection(ProjectConfigurationPlatforms) = postSolution
		{7695877F-B9CE-472E-A33D-755C5D74BA8D}.Debug|x64.ActiveCfg = Debug|x64
		{7695877F-B9CE-472E-A33D-755C5D74BA8D}.Debug|x64.Build.0 = Debug|x64
		{7695877F-B9CE-472E-A33D-755C5D74BA8D}.Debug|x86.ActiveCfg = Debug|Win32
		{7695877F-B9CE-472E-A33D-755C5D74BA8D}.Debug|x86.Build.0 = Debug|Win32
		{7695877F-B9CE-472E-A33D-755C5D74BA8D}.Release|x64.ActiveCfg = Release|x64
		{7695877F-B9CE-472E-A33D-755C5D74BA8D}.Release|x64.Build.0 = Release|x64
		{7695877F-B9CE-472E-A33D-755C5D74BA8D}.Release|x86.ActiveCfg = Release|Win32
		{7695877F-B9CE-472E-A33D-755C5D74BA8D}.Release|x86.Build.0 = Release|Win32
	EndGlobalSection
	GlobalSection(SolutionProperties) = preSolution
		HideSolutionNode = FALSE
	EndGlobalSection
	GlobalSection(ExtensibilityGlobals) = postSolution
		SolutionGuid = {033EF0FE-AFBC-4903-8DFA-C74DDE427D6F}
	EndGlobalSection
EndGlobal
